
Microsoft Visual Studio Solution File, Format Version 12.00
# Visual Studio Version 17
VisualStudioVersion = 17.4.33122.133
MinimumVisualStudioVersion = 10.0.40219.1
Project("{FAE04EC0-301F-11D3-BF4B-00C04F79EFBC}") = "Build_Array_from_Permutation", "Build_Array_from_Permutation\Build_Array_from_Permutation.csproj", "{1D545828-C24D-49CB-BDDA-7DEEC4A60EF5}"
EndProject
Global
	GlobalSection(SolutionConfigurationPlatforms) = preSolution
		Debug|Any CPU = Debug|Any CPU
		Release|Any CPU = Release|Any CPU
	EndGlobalSection
	GlobalSection(ProjectConfigurationPlatforms) = postSolution
		{1D545828-C24D-49CB-BDDA-7DEEC4A60EF5}.Debug|Any CPU.ActiveCfg = Debug|Any CPU
		{1D545828-C24D-49CB-BDDA-7DEEC4A60EF5}.Debug|Any CPU.Build.0 = Debug|Any CPU
		{1D545828-C24D-49CB-BDDA-7DEEC4A60EF5}.Release|Any CPU.ActiveCfg = Release|Any CPU
		{1D545828-C24D-49CB-BDDA-7DEEC4A60EF5}.Release|Any CPU.Build.0 = Release|Any CPU
	EndGlobalSection
	GlobalSection(SolutionProperties) = preSolution
		HideSolutionNode = FALSE
	EndGlobalSection
	GlobalSection(ExtensibilityGlobals) = postSolution
		SolutionGuid = {DD5227F3-DB85-43DE-898B-C32F1D149FFB}
	EndGlobalSection
EndGlobal
