
Microsoft Visual Studio Solution File, Format Version 12.00
# Visual Studio Version 17
VisualStudioVersion = 17.4.33205.214
MinimumVisualStudioVersion = 10.0.40219.1
Project("{FAE04EC0-301F-11D3-BF4B-00C04F79EFBC}") = "Valid_Phone_Numbers", "Valid_Phone_Numbers\Valid_Phone_Numbers.csproj", "{5EAB13F5-DECE-4C6A-A661-0E59BEBE58D0}"
EndProject
Global
	GlobalSection(SolutionConfigurationPlatforms) = preSolution
		Debug|Any CPU = Debug|Any CPU
		Release|Any CPU = Release|Any CPU
	EndGlobalSection
	GlobalSection(ProjectConfigurationPlatforms) = postSolution
		{5EAB13F5-DECE-4C6A-A661-0E59BEBE58D0}.Debug|Any CPU.ActiveCfg = Debug|Any CPU
		{5EAB13F5-DECE-4C6A-A661-0E59BEBE58D0}.Debug|Any CPU.Build.0 = Debug|Any CPU
		{5EAB13F5-DECE-4C6A-A661-0E59BEBE58D0}.Release|Any CPU.ActiveCfg = Release|Any CPU
		{5EAB13F5-DECE-4C6A-A661-0E59BEBE58D0}.Release|Any CPU.Build.0 = Release|Any CPU
	EndGlobalSection
	GlobalSection(SolutionProperties) = preSolution
		HideSolutionNode = FALSE
	EndGlobalSection
	GlobalSection(ExtensibilityGlobals) = postSolution
		SolutionGuid = {04676B29-2CD7-4317-8EA6-F58D4E46A567}
	EndGlobalSection
EndGlobal
