
Microsoft Visual Studio Solution File, Format Version 12.00
# Visual Studio Version 17
VisualStudioVersion = 17.4.33205.214
MinimumVisualStudioVersion = 10.0.40219.1
Project("{FAE04EC0-301F-11D3-BF4B-00C04F79EFBC}") = "Pascals_Triangle", "Pascals_Triangle\Pascals_Triangle.csproj", "{E2EE9EFD-EFBC-441F-8AFA-56DEFCAF9C08}"
EndProject
Global
	GlobalSection(SolutionConfigurationPlatforms) = preSolution
		Debug|Any CPU = Debug|Any CPU
		Release|Any CPU = Release|Any CPU
	EndGlobalSection
	GlobalSection(ProjectConfigurationPlatforms) = postSolution
		{E2EE9EFD-EFBC-441F-8AFA-56DEFCAF9C08}.Debug|Any CPU.ActiveCfg = Debug|Any CPU
		{E2EE9EFD-EFBC-441F-8AFA-56DEFCAF9C08}.Debug|Any CPU.Build.0 = Debug|Any CPU
		{E2EE9EFD-EFBC-441F-8AFA-56DEFCAF9C08}.Release|Any CPU.ActiveCfg = Release|Any CPU
		{E2EE9EFD-EFBC-441F-8AFA-56DEFCAF9C08}.Release|Any CPU.Build.0 = Release|Any CPU
	EndGlobalSection
	GlobalSection(SolutionProperties) = preSolution
		HideSolutionNode = FALSE
	EndGlobalSection
	GlobalSection(ExtensibilityGlobals) = postSolution
		SolutionGuid = {85DD0208-E728-4110-BDE1-48A18A74B732}
	EndGlobalSection
EndGlobal
