
Microsoft Visual Studio Solution File, Format Version 12.00
# Visual Studio Version 17
VisualStudioVersion = 17.4.33205.214
MinimumVisualStudioVersion = 10.0.40219.1
Project("{FAE04EC0-301F-11D3-BF4B-00C04F79EFBC}") = "Valid_Parentheses", "Valid_Parentheses\Valid_Parentheses.csproj", "{0F686566-6CF9-4612-9BE4-CDFEA69EBD84}"
EndProject
Global
	GlobalSection(SolutionConfigurationPlatforms) = preSolution
		Debug|Any CPU = Debug|Any CPU
		Release|Any CPU = Release|Any CPU
	EndGlobalSection
	GlobalSection(ProjectConfigurationPlatforms) = postSolution
		{0F686566-6CF9-4612-9BE4-CDFEA69EBD84}.Debug|Any CPU.ActiveCfg = Debug|Any CPU
		{0F686566-6CF9-4612-9BE4-CDFEA69EBD84}.Debug|Any CPU.Build.0 = Debug|Any CPU
		{0F686566-6CF9-4612-9BE4-CDFEA69EBD84}.Release|Any CPU.ActiveCfg = Release|Any CPU
		{0F686566-6CF9-4612-9BE4-CDFEA69EBD84}.Release|Any CPU.Build.0 = Release|Any CPU
	EndGlobalSection
	GlobalSection(SolutionProperties) = preSolution
		HideSolutionNode = FALSE
	EndGlobalSection
	GlobalSection(ExtensibilityGlobals) = postSolution
		SolutionGuid = {A8F5EF84-946F-4B5F-B9E7-51E4253A7DDA}
	EndGlobalSection
EndGlobal
